// !$*UTF8*$!
{
	archiveVersion = 1;
	classes = {
	};
	objectVersion = 56;
	objects = {

/* Begin PBXBuildFile section */
		70BE603C2A4CC55100654DC8 /* manatee_app_v0App.swift in Sources */ = {isa = PBXBuildFile; fileRef = 70BE603B2A4CC55100654DC8 /* manatee_app_v0App.swift */; };
		70BE603E2A4CC55100654DC8 /* ContentView.swift in Sources */ = {isa = PBXBuildFile; fileRef = 70BE603D2A4CC55100654DC8 /* ContentView.swift */; };
		70BE60402A4CC55300654DC8 /* Assets.xcassets in Resources */ = {isa = PBXBuildFile; fileRef = 70BE603F2A4CC55300654DC8 /* Assets.xcassets */; };
		70BE60432A4CC55300654DC8 /* Preview Assets.xcassets in Resources */ = {isa = PBXBuildFile; fileRef = 70BE60422A4CC55300654DC8 /* Preview Assets.xcassets */; };
		70BE60452A4CC55300654DC8 /* Persistence.swift in Sources */ = {isa = PBXBuildFile; fileRef = 70BE60442A4CC55300654DC8 /* Persistence.swift */; };
		70BE60482A4CC55300654DC8 /* manatee_app_v0.xcdatamodeld in Sources */ = {isa = PBXBuildFile; fileRef = 70BE60462A4CC55300654DC8 /* manatee_app_v0.xcdatamodeld */; };
		70BE604F2A4CD38300654DC8 /* HomeView.swift in Sources */ = {isa = PBXBuildFile; fileRef = 70BE604E2A4CD38300654DC8 /* HomeView.swift */; };
		70BE60512A4CD3CB00654DC8 /* RegisterView.swift in Sources */ = {isa = PBXBuildFile; fileRef = 70BE60502A4CD3CB00654DC8 /* RegisterView.swift */; };
		70BE60532A4CD3F400654DC8 /* MatchView.swift in Sources */ = {isa = PBXBuildFile; fileRef = 70BE60522A4CD3F400654DC8 /* MatchView.swift */; };
		70BE60552A4CD41600654DC8 /* ScheduleView.swift in Sources */ = {isa = PBXBuildFile; fileRef = 70BE60542A4CD41600654DC8 /* ScheduleView.swift */; };
		70BE60592A4CD45500654DC8 /* ResourcesView.swift in Sources */ = {isa = PBXBuildFile; fileRef = 70BE60582A4CD45500654DC8 /* ResourcesView.swift */; };
/* End PBXBuildFile section */

/* Begin PBXFileReference section */
		70BE60382A4CC55100654DC8 /* manatee_app_v0.app */ = {isa = PBXFileReference; explicitFileType = wrapper.application; includeInIndex = 0; path = manatee_app_v0.app; sourceTree = BUILT_PRODUCTS_DIR; };
		70BE603B2A4CC55100654DC8 /* manatee_app_v0App.swift */ = {isa = PBXFileReference; lastKnownFileType = sourcecode.swift; path = manatee_app_v0App.swift; sourceTree = "<group>"; };
		70BE603D2A4CC55100654DC8 /* ContentView.swift */ = {isa = PBXFileReference; lastKnownFileType = sourcecode.swift; path = ContentView.swift; sourceTree = "<group>"; };
		70BE603F2A4CC55300654DC8 /* Assets.xcassets */ = {isa = PBXFileReference; lastKnownFileType = folder.assetcatalog; path = Assets.xcassets; sourceTree = "<group>"; };
		70BE60422A4CC55300654DC8 /* Preview Assets.xcassets */ = {isa = PBXFileReference; lastKnownFileType = folder.assetcatalog; path = "Preview Assets.xcassets"; sourceTree = "<group>"; };
		70BE60442A4CC55300654DC8 /* Persistence.swift */ = {isa = PBXFileReference; lastKnownFileType = sourcecode.swift; path = Persistence.swift; sourceTree = "<group>"; };
		70BE60472A4CC55300654DC8 /* manatee_app_v0.xcdatamodel */ = {isa = PBXFileReference; lastKnownFileType = wrapper.xcdatamodel; path = manatee_app_v0.xcdatamodel; sourceTree = "<group>"; };
		70BE604E2A4CD38300654DC8 /* HomeView.swift */ = {isa = PBXFileReference; lastKnownFileType = sourcecode.swift; path = HomeView.swift; sourceTree = "<group>"; };
		70BE60502A4CD3CB00654DC8 /* RegisterView.swift */ = {isa = PBXFileReference; lastKnownFileType = sourcecode.swift; path = RegisterView.swift; sourceTree = "<group>"; };
		70BE60522A4CD3F400654DC8 /* MatchView.swift */ = {isa = PBXFileReference; lastKnownFileType = sourcecode.swift; path = MatchView.swift; sourceTree = "<group>"; };
		70BE60542A4CD41600654DC8 /* ScheduleView.swift */ = {isa = PBXFileReference; lastKnownFileType = sourcecode.swift; path = ScheduleView.swift; sourceTree = "<group>"; };
		70BE60582A4CD45500654DC8 /* ResourcesView.swift */ = {isa = PBXFileReference; lastKnownFileType = sourcecode.swift; path = ResourcesView.swift; sourceTree = "<group>"; };
		70BE605A2A4F51D700654DC8 /* README.md */ = {isa = PBXFileReference; lastKnownFileType = net.daringfireball.markdown; path = README.md; sourceTree = "<group>"; };
/* End PBXFileReference section */

/* Begin PBXFrameworksBuildPhase section */
		70BE60352A4CC55100654DC8 /* Frameworks */ = {
			isa = PBXFrameworksBuildPhase;
			buildActionMask = 2147483647;
			files = (
			);
			runOnlyForDeploymentPostprocessing = 0;
		};
/* End PBXFrameworksBuildPhase section */

/* Begin PBXGroup section */
		70BE602F2A4CC55100654DC8 = {
			isa = PBXGroup;
			children = (
				70BE603A2A4CC55100654DC8 /* manatee_app_v0 */,
				70BE60392A4CC55100654DC8 /* Products */,
			);
			sourceTree = "<group>";
		};
		70BE60392A4CC55100654DC8 /* Products */ = {
			isa = PBXGroup;
			children = (
				70BE60382A4CC55100654DC8 /* manatee_app_v0.app */,
			);
			name = Products;
			sourceTree = "<group>";
		};
		70BE603A2A4CC55100654DC8 /* manatee_app_v0 */ = {
			isa = PBXGroup;
			children = (
				70BE603B2A4CC55100654DC8 /* manatee_app_v0App.swift */,
				70BE603D2A4CC55100654DC8 /* ContentView.swift */,
				70BE603F2A4CC55300654DC8 /* Assets.xcassets */,
				70BE60442A4CC55300654DC8 /* Persistence.swift */,
				70BE60462A4CC55300654DC8 /* manatee_app_v0.xcdatamodeld */,
				70BE60412A4CC55300654DC8 /* Preview Content */,
				70BE604E2A4CD38300654DC8 /* HomeView.swift */,
				70BE60502A4CD3CB00654DC8 /* RegisterView.swift */,
				70BE60522A4CD3F400654DC8 /* MatchView.swift */,
				70BE60542A4CD41600654DC8 /* ScheduleView.swift */,
				70BE60582A4CD45500654DC8 /* ResourcesView.swift */,
				70BE605A2A4F51D700654DC8 /* README.md */,
			);
			path = manatee_app_v0;
			sourceTree = "<group>";
		};
		70BE60412A4CC55300654DC8 /* Preview Content */ = {
			isa = PBXGroup;
			children = (
				70BE60422A4CC55300654DC8 /* Preview Assets.xcassets */,
			);
			path = "Preview Content";
			sourceTree = "<group>";
		};
/* End PBXGroup section */

/* Begin PBXNativeTarget section */
		70BE60372A4CC55100654DC8 /* manatee_app_v0 */ = {
			isa = PBXNativeTarget;
			buildConfigurationList = 70BE604B2A4CC55300654DC8 /* Build configuration list for PBXNativeTarget "manatee_app_v0" */;
			buildPhases = (
				70BE60342A4CC55100654DC8 /* Sources */,
				70BE60352A4CC55100654DC8 /* Frameworks */,
				70BE60362A4CC55100654DC8 /* Resources */,
			);
			buildRules = (
			);
			dependencies = (
			);
			name = manatee_app_v0;
			productName = manatee_app_v0;
			productReference = 70BE60382A4CC55100654DC8 /* manatee_app_v0.app */;
			productType = "com.apple.product-type.application";
		};
/* End PBXNativeTarget section */

/* Begin PBXProject section */
		70BE60302A4CC55100654DC8 /* Project object */ = {
			isa = PBXProject;
			attributes = {
				BuildIndependentTargetsInParallel = 1;
				LastSwiftUpdateCheck = 1430;
				LastUpgradeCheck = 1430;
				TargetAttributes = {
					70BE60372A4CC55100654DC8 = {
						CreatedOnToolsVersion = 14.3.1;
					};
				};
			};
			buildConfigurationList = 70BE60332A4CC55100654DC8 /* Build configuration list for PBXProject "manatee_app_v0" */;
			compatibilityVersion = "Xcode 14.0";
			developmentRegion = en;
			hasScannedForEncodings = 0;
			knownRegions = (
				en,
				Base,
			);
			mainGroup = 70BE602F2A4CC55100654DC8;
			productRefGroup = 70BE60392A4CC55100654DC8 /* Products */;
			projectDirPath = "";
			projectRoot = "";
			targets = (
				70BE60372A4CC55100654DC8 /* manatee_app_v0 */,
			);
		};
/* End PBXProject section */

/* Begin PBXResourcesBuildPhase section */
		70BE60362A4CC55100654DC8 /* Resources */ = {
			isa = PBXResourcesBuildPhase;
			buildActionMask = 2147483647;
			files = (
				70BE60432A4CC55300654DC8 /* Preview Assets.xcassets in Resources */,
				70BE60402A4CC55300654DC8 /* Assets.xcassets in Resources */,
			);
			runOnlyForDeploymentPostprocessing = 0;
		};
/* End PBXResourcesBuildPhase section */

/* Begin PBXSourcesBuildPhase section */
		70BE60342A4CC55100654DC8 /* Sources */ = {
			isa = PBXSourcesBuildPhase;
			buildActionMask = 2147483647;
			files = (
				70BE60592A4CD45500654DC8 /* ResourcesView.swift in Sources */,
				70BE60452A4CC55300654DC8 /* Persistence.swift in Sources */,
				70BE603E2A4CC55100654DC8 /* ContentView.swift in Sources */,
				70BE603C2A4CC55100654DC8 /* manatee_app_v0App.swift in Sources */,
				70BE60512A4CD3CB00654DC8 /* RegisterView.swift in Sources */,
				70BE60532A4CD3F400654DC8 /* MatchView.swift in Sources */,
				70BE60552A4CD41600654DC8 /* ScheduleView.swift in Sources */,
				70BE604F2A4CD38300654DC8 /* HomeView.swift in Sources */,
				70BE60482A4CC55300654DC8 /* manatee_app_v0.xcdatamodeld in Sources */,
			);
			runOnlyForDeploymentPostprocessing = 0;
		};
/* End PBXSourcesBuildPhase section */

/* Begin XCBuildConfiguration section */
		70BE60492A4CC55300654DC8 /* Debug */ = {
			isa = XCBuildConfiguration;
			buildSettings = {
				ALWAYS_SEARCH_USER_PATHS = NO;
				CLANG_ANALYZER_NONNULL = YES;
				CLANG_ANALYZER_NUMBER_OBJECT_CONVERSION = YES_AGGRESSIVE;
				CLANG_CXX_LANGUAGE_STANDARD = "gnu++20";
				CLANG_ENABLE_MODULES = YES;
				CLANG_ENABLE_OBJC_ARC = YES;
				CLANG_ENABLE_OBJC_WEAK = YES;
				CLANG_WARN_BLOCK_CAPTURE_AUTORELEASING = YES;
				CLANG_WARN_BOOL_CONVERSION = YES;
				CLANG_WARN_COMMA = YES;
				CLANG_WARN_CONSTANT_CONVERSION = YES;
				CLANG_WARN_DEPRECATED_OBJC_IMPLEMENTATIONS = YES;
				CLANG_WARN_DIRECT_OBJC_ISA_USAGE = YES_ERROR;
				CLANG_WARN_DOCUMENTATION_COMMENTS = YES;
				CLANG_WARN_EMPTY_BODY = YES;
				CLANG_WARN_ENUM_CONVERSION = YES;
				CLANG_WARN_INFINITE_RECURSION = YES;
				CLANG_WARN_INT_CONVERSION = YES;
				CLANG_WARN_NON_LITERAL_NULL_CONVERSION = YES;
				CLANG_WARN_OBJC_IMPLICIT_RETAIN_SELF = YES;
				CLANG_WARN_OBJC_LITERAL_CONVERSION = YES;
				CLANG_WARN_OBJC_ROOT_CLASS = YES_ERROR;
				CLANG_WARN_QUOTED_INCLUDE_IN_FRAMEWORK_HEADER = YES;
				CLANG_WARN_RANGE_LOOP_ANALYSIS = YES;
				CLANG_WARN_STRICT_PROTOTYPES = YES;
				CLANG_WARN_SUSPICIOUS_MOVE = YES;
				CLANG_WARN_UNGUARDED_AVAILABILITY = YES_AGGRESSIVE;
				CLANG_WARN_UNREACHABLE_CODE = YES;
				CLANG_WARN__DUPLICATE_METHOD_MATCH = YES;
				COPY_PHASE_STRIP = NO;
				DEBUG_INFORMATION_FORMAT = dwarf;
				ENABLE_STRICT_OBJC_MSGSEND = YES;
				ENABLE_TESTABILITY = YES;
				GCC_C_LANGUAGE_STANDARD = gnu11;
				GCC_DYNAMIC_NO_PIC = NO;
				GCC_NO_COMMON_BLOCKS = YES;
				GCC_OPTIMIZATION_LEVEL = 0;
				GCC_PREPROCESSOR_DEFINITIONS = (
					"DEBUG=1",
					"$(inherited)",
				);
				GCC_WARN_64_TO_32_BIT_CONVERSION = YES;
				GCC_WARN_ABOUT_RETURN_TYPE = YES_ERROR;
				GCC_WARN_UNDECLARED_SELECTOR = YES;
				GCC_WARN_UNINITIALIZED_AUTOS = YES_AGGRESSIVE;
				GCC_WARN_UNUSED_FUNCTION = YES;
				GCC_WARN_UNUSED_VARIABLE = YES;
				IPHONEOS_DEPLOYMENT_TARGET = 16.4;
				MTL_ENABLE_DEBUG_INFO = INCLUDE_SOURCE;
				MTL_FAST_MATH = YES;
				ONLY_ACTIVE_ARCH = YES;
				SDKROOT = iphoneos;
				SWIFT_ACTIVE_COMPILATION_CONDITIONS = DEBUG;
				SWIFT_OPTIMIZATION_LEVEL = "-Onone";
			};
			name = Debug;
		};
		70BE604A2A4CC55300654DC8 /* Release */ = {
			isa = XCBuildConfiguration;
			buildSettings = {
				ALWAYS_SEARCH_USER_PATHS = NO;
				CLANG_ANALYZER_NONNULL = YES;
				CLANG_ANALYZER_NUMBER_OBJECT_CONVERSION = YES_AGGRESSIVE;
				CLANG_CXX_LANGUAGE_STANDARD = "gnu++20";
				CLANG_ENABLE_MODULES = YES;
				CLANG_ENABLE_OBJC_ARC = YES;
				CLANG_ENABLE_OBJC_WEAK = YES;
				CLANG_WARN_BLOCK_CAPTURE_AUTORELEASING = YES;
				CLANG_WARN_BOOL_CONVERSION = YES;
				CLANG_WARN_COMMA = YES;
				CLANG_WARN_CONSTANT_CONVERSION = YES;
				CLANG_WARN_DEPRECATED_OBJC_IMPLEMENTATIONS = YES;
				CLANG_WARN_DIRECT_OBJC_ISA_USAGE = YES_ERROR;
				CLANG_WARN_DOCUMENTATION_COMMENTS = YES;
				CLANG_WARN_EMPTY_BODY = YES;
				CLANG_WARN_ENUM_CONVERSION = YES;
				CLANG_WARN_INFINITE_RECURSION = YES;
				CLANG_WARN_INT_CONVERSION = YES;
				CLANG_WARN_NON_LITERAL_NULL_CONVERSION = YES;
				CLANG_WARN_OBJC_IMPLICIT_RETAIN_SELF = YES;
				CLANG_WARN_OBJC_LITERAL_CONVERSION = YES;
				CLANG_WARN_OBJC_ROOT_CLASS = YES_ERROR;
				CLANG_WARN_QUOTED_INCLUDE_IN_FRAMEWORK_HEADER = YES;
				CLANG_WARN_RANGE_LOOP_ANALYSIS = YES;
				CLANG_WARN_STRICT_PROTOTYPES = YES;
				CLANG_WARN_SUSPICIOUS_MOVE = YES;
				CLANG_WARN_UNGUARDED_AVAILABILITY = YES_AGGRESSIVE;
				CLANG_WARN_UNREACHABLE_CODE = YES;
				CLANG_WARN__DUPLICATE_METHOD_MATCH = YES;
				COPY_PHASE_STRIP = NO;
				DEBUG_INFORMATION_FORMAT = "dwarf-with-dsym";
				ENABLE_NS_ASSERTIONS = NO;
				ENABLE_STRICT_OBJC_MSGSEND = YES;
				GCC_C_LANGUAGE_STANDARD = gnu11;
				GCC_NO_COMMON_BLOCKS = YES;
				GCC_WARN_64_TO_32_BIT_CONVERSION = YES;
				GCC_WARN_ABOUT_RETURN_TYPE = YES_ERROR;
				GCC_WARN_UNDECLARED_SELECTOR = YES;
				GCC_WARN_UNINITIALIZED_AUTOS = YES_AGGRESSIVE;
				GCC_WARN_UNUSED_FUNCTION = YES;
				GCC_WARN_UNUSED_VARIABLE = YES;
				IPHONEOS_DEPLOYMENT_TARGET = 16.4;
				MTL_ENABLE_DEBUG_INFO = NO;
				MTL_FAST_MATH = YES;
				SDKROOT = iphoneos;
				SWIFT_COMPILATION_MODE = wholemodule;
				SWIFT_OPTIMIZATION_LEVEL = "-O";
				VALIDATE_PRODUCT = YES;
			};
			name = Release;
		};
		70BE604C2A4CC55300654DC8 /* Debug */ = {
			isa = XCBuildConfiguration;
			buildSettings = {
				ASSETCATALOG_COMPILER_APPICON_NAME = AppIcon;
				ASSETCATALOG_COMPILER_GLOBAL_ACCENT_COLOR_NAME = AccentColor;
				CODE_SIGN_STYLE = Automatic;
				CURRENT_PROJECT_VERSION = 1;
				DEVELOPMENT_ASSET_PATHS = "\"manatee_app_v0/Preview Content\"";
				DEVELOPMENT_TEAM = M9655X633X;
				ENABLE_PREVIEWS = YES;
				GENERATE_INFOPLIST_FILE = YES;
				INFOPLIST_KEY_UIApplicationSceneManifest_Generation = YES;
				INFOPLIST_KEY_UIApplicationSupportsIndirectInputEvents = YES;
				INFOPLIST_KEY_UILaunchScreen_Generation = YES;
				INFOPLIST_KEY_UISupportedInterfaceOrientations_iPad = "UIInterfaceOrientationPortrait UIInterfaceOrientationPortraitUpsideDown UIInterfaceOrientationLandscapeLeft UIInterfaceOrientationLandscapeRight";
				INFOPLIST_KEY_UISupportedInterfaceOrientations_iPhone = "UIInterfaceOrientationPortrait UIInterfaceOrientationLandscapeLeft UIInterfaceOrientationLandscapeRight";
				LD_RUNPATH_SEARCH_PATHS = (
					"$(inherited)",
					"@executable_path/Frameworks",
				);
				MARKETING_VERSION = 1.0;
				PRODUCT_BUNDLE_IDENTIFIER = "com.leroe.manatee-app-v0";
				PRODUCT_NAME = "$(TARGET_NAME)";
				SWIFT_EMIT_LOC_STRINGS = YES;
				SWIFT_VERSION = 5.0;
				TARGETED_DEVICE_FAMILY = "1,2";
			};
			name = Debug;
		};
		70BE604D2A4CC55300654DC8 /* Release */ = {
			isa = XCBuildConfiguration;
			buildSettings = {
				ASSETCATALOG_COMPILER_APPICON_NAME = AppIcon;
				ASSETCATALOG_COMPILER_GLOBAL_ACCENT_COLOR_NAME = AccentColor;
				CODE_SIGN_STYLE = Automatic;
				CURRENT_PROJECT_VERSION = 1;
				DEVELOPMENT_ASSET_PATHS = "\"manatee_app_v0/Preview Content\"";
				DEVELOPMENT_TEAM = M9655X633X;
				ENABLE_PREVIEWS = YES;
				GENERATE_INFOPLIST_FILE = YES;
				INFOPLIST_KEY_UIApplicationSceneManifest_Generation = YES;
				INFOPLIST_KEY_UIApplicationSupportsIndirectInputEvents = YES;
				INFOPLIST_KEY_UILaunchScreen_Generation = YES;
				INFOPLIST_KEY_UISupportedInterfaceOrientations_iPad = "UIInterfaceOrientationPortrait UIInterfaceOrientationPortraitUpsideDown UIInterfaceOrientationLandscapeLeft UIInterfaceOrientationLandscapeRight";
				INFOPLIST_KEY_UISupportedInterfaceOrientations_iPhone = "UIInterfaceOrientationPortrait UIInterfaceOrientationLandscapeLeft UIInterfaceOrientationLandscapeRight";
				LD_RUNPATH_SEARCH_PATHS = (
					"$(inherited)",
					"@executable_path/Frameworks",
				);
				MARKETING_VERSION = 1.0;
				PRODUCT_BUNDLE_IDENTIFIER = "com.leroe.manatee-app-v0";
				PRODUCT_NAME = "$(TARGET_NAME)";
				SWIFT_EMIT_LOC_STRINGS = YES;
				SWIFT_VERSION = 5.0;
				TARGETED_DEVICE_FAMILY = "1,2";
			};
			name = Release;
		};
/* End XCBuildConfiguration section */

/* Begin XCConfigurationList section */
		70BE60332A4CC55100654DC8 /* Build configuration list for PBXProject "manatee_app_v0" */ = {
			isa = XCConfigurationList;
			buildConfigurations = (
				70BE60492A4CC55300654DC8 /* Debug */,
				70BE604A2A4CC55300654DC8 /* Release */,
			);
			defaultConfigurationIsVisible = 0;
			defaultConfigurationName = Release;
		};
		70BE604B2A4CC55300654DC8 /* Build configuration list for PBXNativeTarget "manatee_app_v0" */ = {
			isa = XCConfigurationList;
			buildConfigurations = (
				70BE604C2A4CC55300654DC8 /* Debug */,
				70BE604D2A4CC55300654DC8 /* Release */,
			);
			defaultConfigurationIsVisible = 0;
			defaultConfigurationName = Release;
		};
/* End XCConfigurationList section */

/* Begin XCVersionGroup section */
		70BE60462A4CC55300654DC8 /* manatee_app_v0.xcdatamodeld */ = {
			isa = XCVersionGroup;
			children = (
				70BE60472A4CC55300654DC8 /* manatee_app_v0.xcdatamodel */,
			);
			currentVersion = 70BE60472A4CC55300654DC8 /* manatee_app_v0.xcdatamodel */;
			path = manatee_app_v0.xcdatamodeld;
			sourceTree = "<group>";
			versionGroupType = wrapper.xcdatamodel;
		};
/* End XCVersionGroup section */
	};
	rootObject = 70BE60302A4CC55100654DC8 /* Project object */;
}
